
Microsoft Visual Studio Solution File, Format Version 12.00
# Visual Studio Version 16
VisualStudioVersion = 25.0.1700.0
MinimumVisualStudioVersion = 10.0.40219.1
Project("{FAE04EC0-301F-11D3-BF4B-00C04F79EFBC}") = "CustomGenericsPartOne", "CustomGenericsPartOne\CustomGenericsPartOne.csproj", "{CF608510-C272-4066-A977-14B5CC74A1CF}"
EndProject
Project("{FAE04EC0-301F-11D3-BF4B-00C04F79EFBC}") = "SortListPartOne", "SortListPartOne\SortListPartOne.csproj", "{CCFCCF39-F9CE-4180-8219-81039CAC3F0D}"
EndProject
Global
	GlobalSection(SolutionConfigurationPlatforms) = preSolution
		Debug|Any CPU = Debug|Any CPU
		Release|Any CPU = Release|Any CPU
	EndGlobalSection
	GlobalSection(ProjectConfigurationPlatforms) = postSolution
		{CF608510-C272-4066-A977-14B5CC74A1CF}.Debug|Any CPU.ActiveCfg = Debug|Any CPU
		{CF608510-C272-4066-A977-14B5CC74A1CF}.Debug|Any CPU.Build.0 = Debug|Any CPU
		{CF608510-C272-4066-A977-14B5CC74A1CF}.Release|Any CPU.ActiveCfg = Release|Any CPU
		{CF608510-C272-4066-A977-14B5CC74A1CF}.Release|Any CPU.Build.0 = Release|Any CPU
		{CCFCCF39-F9CE-4180-8219-81039CAC3F0D}.Debug|Any CPU.ActiveCfg = Debug|Any CPU
		{CCFCCF39-F9CE-4180-8219-81039CAC3F0D}.Debug|Any CPU.Build.0 = Debug|Any CPU
		{CCFCCF39-F9CE-4180-8219-81039CAC3F0D}.Release|Any CPU.ActiveCfg = Release|Any CPU
		{CCFCCF39-F9CE-4180-8219-81039CAC3F0D}.Release|Any CPU.Build.0 = Release|Any CPU
	EndGlobalSection
	GlobalSection(SolutionProperties) = preSolution
		HideSolutionNode = FALSE
	EndGlobalSection
	GlobalSection(ExtensibilityGlobals) = postSolution
		SolutionGuid = {7F51F6A8-59E3-4CD1-8802-426D9A192334}
	EndGlobalSection
EndGlobal
